
Microsoft Visual Studio Solution File, Format Version 12.00
# Visual Studio Version 17
VisualStudioVersion = 17.6.33717.318
MinimumVisualStudioVersion = 10.0.40219.1
Project("{FAE04EC0-301F-11D3-BF4B-00C04F79EFBC}") = "SM.DevOps.Azure.Task.CICDPipeline", "SM.DevOps.Azure.Task.CICDPipeline\SM.DevOps.Azure.Task.CICDPipeline.csproj", "{EEF15585-C6D0-4C3E-A8B5-1441EE229DA4}"
EndProject
Global
	GlobalSection(SolutionConfigurationPlatforms) = preSolution
		Debug|Any CPU = Debug|Any CPU
		Release|Any CPU = Release|Any CPU
	EndGlobalSection
	GlobalSection(ProjectConfigurationPlatforms) = postSolution
		{EEF15585-C6D0-4C3E-A8B5-1441EE229DA4}.Debug|Any CPU.ActiveCfg = Debug|Any CPU
		{EEF15585-C6D0-4C3E-A8B5-1441EE229DA4}.Debug|Any CPU.Build.0 = Debug|Any CPU
		{EEF15585-C6D0-4C3E-A8B5-1441EE229DA4}.Release|Any CPU.ActiveCfg = Release|Any CPU
		{EEF15585-C6D0-4C3E-A8B5-1441EE229DA4}.Release|Any CPU.Build.0 = Release|Any CPU
	EndGlobalSection
	GlobalSection(SolutionProperties) = preSolution
		HideSolutionNode = FALSE
	EndGlobalSection
	GlobalSection(ExtensibilityGlobals) = postSolution
		SolutionGuid = {91E2AE9C-1C68-45C0-9A2D-A713B6EFA85B}
	EndGlobalSection
EndGlobal
